
Microsoft Visual Studio Solution File, Format Version 12.00
# Visual Studio Version 16
VisualStudioVersion = 16.0.29905.134
MinimumVisualStudioVersion = 10.0.40219.1
Project("{8BC9CEB8-8B4A-11D0-8D11-00A0C91BC942}") = "ConsoleApplication9", "ConsoleApplication9\ConsoleApplication9.vcxproj", "{A928FCBE-7FF5-4E82-8AF8-5E9D489A2696}"
EndProject
Global
	GlobalSection(SolutionConfigurationPlatforms) = preSolution
		Debug|x64 = Debug|x64
		Debug|x86 = Debug|x86
		Release|x64 = Release|x64
		Release|x86 = Release|x86
	EndGlobalSection
	GlobalSection(ProjectConfigurationPlatforms) = postSolution
		{A928FCBE-7FF5-4E82-8AF8-5E9D489A2696}.Debug|x64.ActiveCfg = Debug|x64
		{A928FCBE-7FF5-4E82-8AF8-5E9D489A2696}.Debug|x64.Build.0 = Debug|x64
		{A928FCBE-7FF5-4E82-8AF8-5E9D489A2696}.Debug|x86.ActiveCfg = Debug|Win32
		{A928FCBE-7FF5-4E82-8AF8-5E9D489A2696}.Debug|x86.Build.0 = Debug|Win32
		{A928FCBE-7FF5-4E82-8AF8-5E9D489A2696}.Release|x64.ActiveCfg = Release|x64
		{A928FCBE-7FF5-4E82-8AF8-5E9D489A2696}.Release|x64.Build.0 = Release|x64
		{A928FCBE-7FF5-4E82-8AF8-5E9D489A2696}.Release|x86.ActiveCfg = Release|Win32
		{A928FCBE-7FF5-4E82-8AF8-5E9D489A2696}.Release|x86.Build.0 = Release|Win32
	EndGlobalSection
	GlobalSection(SolutionProperties) = preSolution
		HideSolutionNode = FALSE
	EndGlobalSection
	GlobalSection(ExtensibilityGlobals) = postSolution
		SolutionGuid = {1DB00BF9-211F-4B44-AB58-80F698FA0EC9}
	EndGlobalSection
EndGlobal
